
Microsoft Visual Studio Solution File, Format Version 12.00
# Visual Studio 15
VisualStudioVersion = 15.0.33026.149
MinimumVisualStudioVersion = 10.0.40219.1
Project("{FAE04EC0-301F-11D3-BF4B-00C04F79EFBC}") = "WpfApp5", "WpfApp5\WpfApp5.csproj", "{DA405AEA-491B-4331-B7B2-D232E51E146F}"
EndProject
Global
	GlobalSection(SolutionConfigurationPlatforms) = preSolution
		Debug|Any CPU = Debug|Any CPU
		Release|Any CPU = Release|Any CPU
	EndGlobalSection
	GlobalSection(ProjectConfigurationPlatforms) = postSolution
		{DA405AEA-491B-4331-B7B2-D232E51E146F}.Debug|Any CPU.ActiveCfg = Debug|Any CPU
		{DA405AEA-491B-4331-B7B2-D232E51E146F}.Debug|Any CPU.Build.0 = Debug|Any CPU
		{DA405AEA-491B-4331-B7B2-D232E51E146F}.Release|Any CPU.ActiveCfg = Release|Any CPU
		{DA405AEA-491B-4331-B7B2-D232E51E146F}.Release|Any CPU.Build.0 = Release|Any CPU
	EndGlobalSection
	GlobalSection(SolutionProperties) = preSolution
		HideSolutionNode = FALSE
	EndGlobalSection
	GlobalSection(ExtensibilityGlobals) = postSolution
		SolutionGuid = {99D3D7E5-9162-4529-8D57-AD48CF1A1FA8}
	EndGlobalSection
EndGlobal
